
Microsoft Visual Studio Solution File, Format Version 12.00
# Visual Studio Version 17
VisualStudioVersion = 17.3.32929.385
MinimumVisualStudioVersion = 10.0.40219.1
Project("{9A19103F-16F7-4668-BE54-9A1E7A4F7556}") = "LawEnforcement.API", "src\LawEnforcementAPI\LawEnforcement.API.csproj", "{47A8229C-CF54-49A4-B08A-84890A801D5E}"
EndProject
Project("{2150E333-8FDC-42A3-9474-1A3956D46DE8}") = "Crime", "Crime", "{21EBA09C-E110-48DC-9E09-FE1E92913A5B}"
EndProject
Project("{2150E333-8FDC-42A3-9474-1A3956D46DE8}") = "LawEnforcement", "LawEnforcement", "{152CBFAA-F977-43F9-B48B-52DC0DDB392D}"
EndProject
Project("{9A19103F-16F7-4668-BE54-9A1E7A4F7556}") = "LawEnforcement.Persistence", "src\LawEnforcement.Persistance\LawEnforcement.Persistence.csproj", "{B954213C-0F8A-4D7C-895F-F1C8DF587360}"
EndProject
Project("{9A19103F-16F7-4668-BE54-9A1E7A4F7556}") = "LawEnforcement.Domain", "src\LawEnforcement.Domain\LawEnforcement.Domain.csproj", "{F0DF4819-A8C1-457F-8F67-D5CA829274F0}"
EndProject
Project("{9A19103F-16F7-4668-BE54-9A1E7A4F7556}") = "Crime.Persistence", "src\Crime.Persistance\Crime.Persistence.csproj", "{8D900EE6-F29A-4CB3-9E81-B164DDFEC3A5}"
EndProject
Project("{9A19103F-16F7-4668-BE54-9A1E7A4F7556}") = "Crime.Domain", "src\Crime.Domain\Crime.Domain.csproj", "{85D144C5-8B38-401B-A279-9074F97D6184}"
EndProject
Project("{9A19103F-16F7-4668-BE54-9A1E7A4F7556}") = "Crime.Application", "src\Crime.Application\Crime.Application.csproj", "{B258B8BC-C27C-4491-A60B-4AC1B764BC07}"
EndProject
Project("{9A19103F-16F7-4668-BE54-9A1E7A4F7556}") = "Crime.API", "src\CrimeAPI\Crime.API.csproj", "{A9C2543A-01C0-4754-97CE-BA399879A769}"
EndProject
Project("{9A19103F-16F7-4668-BE54-9A1E7A4F7556}") = "REP_CRIME.01.Common", "src\REP_CRIME.01.Common\REP_CRIME.01.Common.csproj", "{544D0AE7-12BF-4457-B75B-B46F01894289}"
EndProject
Project("{9A19103F-16F7-4668-BE54-9A1E7A4F7556}") = "LawEnforcement.Application", "src\LawEnforcement.Application\LawEnforcement.Application.csproj", "{A2CCFBCE-6B2B-427D-9ADB-B913B9457716}"
EndProject
Project("{E53339B2-1760-4266-BCC7-CA923CBCF16C}") = "docker-compose", "docker-compose.dcproj", "{A37D48E9-1772-44ED-A34E-B931990291AD}"
EndProject
Project("{2150E333-8FDC-42A3-9474-1A3956D46DE8}") = "Kubernetes", "Kubernetes", "{7FEACEC6-1517-4BB7-BD5E-CE5D1A4D7657}"
	ProjectSection(SolutionItems) = preProject
		appsettings.secrets.json = appsettings.secrets.json
		configuration.yaml = configuration.yaml
		crime.yaml = crime.yaml
		lawEnforcement.yaml = lawEnforcement.yaml
		mongo-express.yaml = mongo-express.yaml
		mongo.yaml = mongo.yaml
		mongo-pvc.yaml = mongo-pvc.yaml
		mssql-data.yaml = mssql-data.yaml
		mssql.yaml = mssql.yaml
		rabbitmq.yaml = rabbitmq.yaml
		secrets.yaml = secrets.yaml
	EndProjectSection
EndProject
Project("{FAE04EC0-301F-11D3-BF4B-00C04F79EFBC}") = "REP_CRIME.01.Web", "src\REP_CRIME.01.Web\REP_CRIME.01.Web.csproj", "{5BEAEF99-9A1A-4AFF-BEEC-71C7598C0F11}"
EndProject
Global
	GlobalSection(SolutionConfigurationPlatforms) = preSolution
		Debug|Any CPU = Debug|Any CPU
		Release|Any CPU = Release|Any CPU
	EndGlobalSection
	GlobalSection(ProjectConfigurationPlatforms) = postSolution
		{47A8229C-CF54-49A4-B08A-84890A801D5E}.Debug|Any CPU.ActiveCfg = Debug|Any CPU
		{47A8229C-CF54-49A4-B08A-84890A801D5E}.Debug|Any CPU.Build.0 = Debug|Any CPU
		{47A8229C-CF54-49A4-B08A-84890A801D5E}.Release|Any CPU.ActiveCfg = Release|Any CPU
		{47A8229C-CF54-49A4-B08A-84890A801D5E}.Release|Any CPU.Build.0 = Release|Any CPU
		{B954213C-0F8A-4D7C-895F-F1C8DF587360}.Debug|Any CPU.ActiveCfg = Debug|Any CPU
		{B954213C-0F8A-4D7C-895F-F1C8DF587360}.Debug|Any CPU.Build.0 = Debug|Any CPU
		{B954213C-0F8A-4D7C-895F-F1C8DF587360}.Release|Any CPU.ActiveCfg = Release|Any CPU
		{B954213C-0F8A-4D7C-895F-F1C8DF587360}.Release|Any CPU.Build.0 = Release|Any CPU
		{F0DF4819-A8C1-457F-8F67-D5CA829274F0}.Debug|Any CPU.ActiveCfg = Debug|Any CPU
		{F0DF4819-A8C1-457F-8F67-D5CA829274F0}.Debug|Any CPU.Build.0 = Debug|Any CPU
		{F0DF4819-A8C1-457F-8F67-D5CA829274F0}.Release|Any CPU.ActiveCfg = Release|Any CPU
		{F0DF4819-A8C1-457F-8F67-D5CA829274F0}.Release|Any CPU.Build.0 = Release|Any CPU
		{8D900EE6-F29A-4CB3-9E81-B164DDFEC3A5}.Debug|Any CPU.ActiveCfg = Debug|Any CPU
		{8D900EE6-F29A-4CB3-9E81-B164DDFEC3A5}.Debug|Any CPU.Build.0 = Debug|Any CPU
		{8D900EE6-F29A-4CB3-9E81-B164DDFEC3A5}.Release|Any CPU.ActiveCfg = Release|Any CPU
		{8D900EE6-F29A-4CB3-9E81-B164DDFEC3A5}.Release|Any CPU.Build.0 = Release|Any CPU
		{85D144C5-8B38-401B-A279-9074F97D6184}.Debug|Any CPU.ActiveCfg = Debug|Any CPU
		{85D144C5-8B38-401B-A279-9074F97D6184}.Debug|Any CPU.Build.0 = Debug|Any CPU
		{85D144C5-8B38-401B-A279-9074F97D6184}.Release|Any CPU.ActiveCfg = Release|Any CPU
		{85D144C5-8B38-401B-A279-9074F97D6184}.Release|Any CPU.Build.0 = Release|Any CPU
		{B258B8BC-C27C-4491-A60B-4AC1B764BC07}.Debug|Any CPU.ActiveCfg = Debug|Any CPU
		{B258B8BC-C27C-4491-A60B-4AC1B764BC07}.Debug|Any CPU.Build.0 = Debug|Any CPU
		{B258B8BC-C27C-4491-A60B-4AC1B764BC07}.Release|Any CPU.ActiveCfg = Release|Any CPU
		{B258B8BC-C27C-4491-A60B-4AC1B764BC07}.Release|Any CPU.Build.0 = Release|Any CPU
		{A9C2543A-01C0-4754-97CE-BA399879A769}.Debug|Any CPU.ActiveCfg = Debug|Any CPU
		{A9C2543A-01C0-4754-97CE-BA399879A769}.Debug|Any CPU.Build.0 = Debug|Any CPU
		{A9C2543A-01C0-4754-97CE-BA399879A769}.Release|Any CPU.ActiveCfg = Release|Any CPU
		{A9C2543A-01C0-4754-97CE-BA399879A769}.Release|Any CPU.Build.0 = Release|Any CPU
		{544D0AE7-12BF-4457-B75B-B46F01894289}.Debug|Any CPU.ActiveCfg = Debug|Any CPU
		{544D0AE7-12BF-4457-B75B-B46F01894289}.Debug|Any CPU.Build.0 = Debug|Any CPU
		{544D0AE7-12BF-4457-B75B-B46F01894289}.Release|Any CPU.ActiveCfg = Release|Any CPU
		{544D0AE7-12BF-4457-B75B-B46F01894289}.Release|Any CPU.Build.0 = Release|Any CPU
		{A2CCFBCE-6B2B-427D-9ADB-B913B9457716}.Debug|Any CPU.ActiveCfg = Debug|Any CPU
		{A2CCFBCE-6B2B-427D-9ADB-B913B9457716}.Debug|Any CPU.Build.0 = Debug|Any CPU
		{A2CCFBCE-6B2B-427D-9ADB-B913B9457716}.Release|Any CPU.ActiveCfg = Release|Any CPU
		{A2CCFBCE-6B2B-427D-9ADB-B913B9457716}.Release|Any CPU.Build.0 = Release|Any CPU
		{A37D48E9-1772-44ED-A34E-B931990291AD}.Debug|Any CPU.ActiveCfg = Debug|Any CPU
		{A37D48E9-1772-44ED-A34E-B931990291AD}.Debug|Any CPU.Build.0 = Debug|Any CPU
		{A37D48E9-1772-44ED-A34E-B931990291AD}.Release|Any CPU.ActiveCfg = Release|Any CPU
		{A37D48E9-1772-44ED-A34E-B931990291AD}.Release|Any CPU.Build.0 = Release|Any CPU
		{5BEAEF99-9A1A-4AFF-BEEC-71C7598C0F11}.Debug|Any CPU.ActiveCfg = Debug|Any CPU
		{5BEAEF99-9A1A-4AFF-BEEC-71C7598C0F11}.Debug|Any CPU.Build.0 = Debug|Any CPU
		{5BEAEF99-9A1A-4AFF-BEEC-71C7598C0F11}.Release|Any CPU.ActiveCfg = Release|Any CPU
		{5BEAEF99-9A1A-4AFF-BEEC-71C7598C0F11}.Release|Any CPU.Build.0 = Release|Any CPU
	EndGlobalSection
	GlobalSection(SolutionProperties) = preSolution
		HideSolutionNode = FALSE
	EndGlobalSection
	GlobalSection(NestedProjects) = preSolution
		{47A8229C-CF54-49A4-B08A-84890A801D5E} = {152CBFAA-F977-43F9-B48B-52DC0DDB392D}
		{B954213C-0F8A-4D7C-895F-F1C8DF587360} = {152CBFAA-F977-43F9-B48B-52DC0DDB392D}
		{F0DF4819-A8C1-457F-8F67-D5CA829274F0} = {152CBFAA-F977-43F9-B48B-52DC0DDB392D}
		{8D900EE6-F29A-4CB3-9E81-B164DDFEC3A5} = {21EBA09C-E110-48DC-9E09-FE1E92913A5B}
		{85D144C5-8B38-401B-A279-9074F97D6184} = {21EBA09C-E110-48DC-9E09-FE1E92913A5B}
		{B258B8BC-C27C-4491-A60B-4AC1B764BC07} = {21EBA09C-E110-48DC-9E09-FE1E92913A5B}
		{A9C2543A-01C0-4754-97CE-BA399879A769} = {21EBA09C-E110-48DC-9E09-FE1E92913A5B}
		{A2CCFBCE-6B2B-427D-9ADB-B913B9457716} = {152CBFAA-F977-43F9-B48B-52DC0DDB392D}
	EndGlobalSection
	GlobalSection(ExtensibilityGlobals) = postSolution
		SolutionGuid = {4F731243-4D24-4788-B6DA-79724C2C6196}
	EndGlobalSection
EndGlobal
