
Microsoft Visual Studio Solution File, Format Version 12.00
# Visual Studio Version 17
VisualStudioVersion = 17.3.32929.385
MinimumVisualStudioVersion = 10.0.40219.1
Project("{FAE04EC0-301F-11D3-BF4B-00C04F79EFBC}") = "Crime.API", "CrimeAPI\Crime.API.csproj", "{A170E89C-FFCC-4E5B-9731-2815889AFC22}"
EndProject
Project("{FAE04EC0-301F-11D3-BF4B-00C04F79EFBC}") = "LawEnforcementAPI", "src\LawEnforcementAPI\LawEnforcementAPI.csproj", "{47A8229C-CF54-49A4-B08A-84890A801D5E}"
EndProject
Project("{2150E333-8FDC-42A3-9474-1A3956D46DE8}") = "Crime", "Crime", "{21EBA09C-E110-48DC-9E09-FE1E92913A5B}"
EndProject
Project("{2150E333-8FDC-42A3-9474-1A3956D46DE8}") = "LawEnforcement", "LawEnforcement", "{152CBFAA-F977-43F9-B48B-52DC0DDB392D}"
EndProject
Project("{FAE04EC0-301F-11D3-BF4B-00C04F79EFBC}") = "LawEnforcement.Domain", "LawEnforcement.Domain\LawEnforcement.Domain.csproj", "{3A29C500-9A13-42A4-8163-AD76E3BF0DBE}"
EndProject
Project("{FAE04EC0-301F-11D3-BF4B-00C04F79EFBC}") = "LawEnforcement.Persistance", "LawEnforcement.Persistance\LawEnforcement.Persistance.csproj", "{C7358856-DC7A-4BE8-BE0C-BB27A91517C8}"
EndProject
Project("{E53339B2-1760-4266-BCC7-CA923CBCF16C}") = "docker-compose", "docker-compose.dcproj", "{9C490868-4DDA-4917-BF96-FC61F598C0A3}"
EndProject
Project("{FAE04EC0-301F-11D3-BF4B-00C04F79EFBC}") = "Crime.Domain", "Crime.Domain\Crime.Domain.csproj", "{03A8B117-1DCC-4E09-BC6A-305374E6B192}"
EndProject
Project("{FAE04EC0-301F-11D3-BF4B-00C04F79EFBC}") = "Crime.Persistance", "Crime.Persistance\Crime.Persistance.csproj", "{0A9DEB73-BCA9-4EF9-98FC-C45AD39BD121}"
EndProject
Project("{FAE04EC0-301F-11D3-BF4B-00C04F79EFBC}") = "Crime.Application", "Crime.Application\Crime.Application.csproj", "{CDBE76E7-D9C4-400D-9261-39593663D3FC}"
EndProject
Global
	GlobalSection(SolutionConfigurationPlatforms) = preSolution
		Debug|Any CPU = Debug|Any CPU
		Release|Any CPU = Release|Any CPU
	EndGlobalSection
	GlobalSection(ProjectConfigurationPlatforms) = postSolution
		{A170E89C-FFCC-4E5B-9731-2815889AFC22}.Debug|Any CPU.ActiveCfg = Debug|Any CPU
		{A170E89C-FFCC-4E5B-9731-2815889AFC22}.Debug|Any CPU.Build.0 = Debug|Any CPU
		{A170E89C-FFCC-4E5B-9731-2815889AFC22}.Release|Any CPU.ActiveCfg = Release|Any CPU
		{A170E89C-FFCC-4E5B-9731-2815889AFC22}.Release|Any CPU.Build.0 = Release|Any CPU
		{47A8229C-CF54-49A4-B08A-84890A801D5E}.Debug|Any CPU.ActiveCfg = Debug|Any CPU
		{47A8229C-CF54-49A4-B08A-84890A801D5E}.Debug|Any CPU.Build.0 = Debug|Any CPU
		{47A8229C-CF54-49A4-B08A-84890A801D5E}.Release|Any CPU.ActiveCfg = Release|Any CPU
		{47A8229C-CF54-49A4-B08A-84890A801D5E}.Release|Any CPU.Build.0 = Release|Any CPU
		{3A29C500-9A13-42A4-8163-AD76E3BF0DBE}.Debug|Any CPU.ActiveCfg = Debug|Any CPU
		{3A29C500-9A13-42A4-8163-AD76E3BF0DBE}.Debug|Any CPU.Build.0 = Debug|Any CPU
		{3A29C500-9A13-42A4-8163-AD76E3BF0DBE}.Release|Any CPU.ActiveCfg = Release|Any CPU
		{3A29C500-9A13-42A4-8163-AD76E3BF0DBE}.Release|Any CPU.Build.0 = Release|Any CPU
		{C7358856-DC7A-4BE8-BE0C-BB27A91517C8}.Debug|Any CPU.ActiveCfg = Debug|Any CPU
		{C7358856-DC7A-4BE8-BE0C-BB27A91517C8}.Debug|Any CPU.Build.0 = Debug|Any CPU
		{C7358856-DC7A-4BE8-BE0C-BB27A91517C8}.Release|Any CPU.ActiveCfg = Release|Any CPU
		{C7358856-DC7A-4BE8-BE0C-BB27A91517C8}.Release|Any CPU.Build.0 = Release|Any CPU
		{9C490868-4DDA-4917-BF96-FC61F598C0A3}.Debug|Any CPU.ActiveCfg = Debug|Any CPU
		{9C490868-4DDA-4917-BF96-FC61F598C0A3}.Debug|Any CPU.Build.0 = Debug|Any CPU
		{9C490868-4DDA-4917-BF96-FC61F598C0A3}.Release|Any CPU.ActiveCfg = Release|Any CPU
		{9C490868-4DDA-4917-BF96-FC61F598C0A3}.Release|Any CPU.Build.0 = Release|Any CPU
		{03A8B117-1DCC-4E09-BC6A-305374E6B192}.Debug|Any CPU.ActiveCfg = Debug|Any CPU
		{03A8B117-1DCC-4E09-BC6A-305374E6B192}.Debug|Any CPU.Build.0 = Debug|Any CPU
		{03A8B117-1DCC-4E09-BC6A-305374E6B192}.Release|Any CPU.ActiveCfg = Release|Any CPU
		{03A8B117-1DCC-4E09-BC6A-305374E6B192}.Release|Any CPU.Build.0 = Release|Any CPU
		{0A9DEB73-BCA9-4EF9-98FC-C45AD39BD121}.Debug|Any CPU.ActiveCfg = Debug|Any CPU
		{0A9DEB73-BCA9-4EF9-98FC-C45AD39BD121}.Debug|Any CPU.Build.0 = Debug|Any CPU
		{0A9DEB73-BCA9-4EF9-98FC-C45AD39BD121}.Release|Any CPU.ActiveCfg = Release|Any CPU
		{0A9DEB73-BCA9-4EF9-98FC-C45AD39BD121}.Release|Any CPU.Build.0 = Release|Any CPU
		{CDBE76E7-D9C4-400D-9261-39593663D3FC}.Debug|Any CPU.ActiveCfg = Debug|Any CPU
		{CDBE76E7-D9C4-400D-9261-39593663D3FC}.Debug|Any CPU.Build.0 = Debug|Any CPU
		{CDBE76E7-D9C4-400D-9261-39593663D3FC}.Release|Any CPU.ActiveCfg = Release|Any CPU
		{CDBE76E7-D9C4-400D-9261-39593663D3FC}.Release|Any CPU.Build.0 = Release|Any CPU
	EndGlobalSection
	GlobalSection(SolutionProperties) = preSolution
		HideSolutionNode = FALSE
	EndGlobalSection
	GlobalSection(NestedProjects) = preSolution
		{A170E89C-FFCC-4E5B-9731-2815889AFC22} = {21EBA09C-E110-48DC-9E09-FE1E92913A5B}
		{47A8229C-CF54-49A4-B08A-84890A801D5E} = {152CBFAA-F977-43F9-B48B-52DC0DDB392D}
		{3A29C500-9A13-42A4-8163-AD76E3BF0DBE} = {152CBFAA-F977-43F9-B48B-52DC0DDB392D}
		{C7358856-DC7A-4BE8-BE0C-BB27A91517C8} = {152CBFAA-F977-43F9-B48B-52DC0DDB392D}
		{03A8B117-1DCC-4E09-BC6A-305374E6B192} = {21EBA09C-E110-48DC-9E09-FE1E92913A5B}
		{0A9DEB73-BCA9-4EF9-98FC-C45AD39BD121} = {21EBA09C-E110-48DC-9E09-FE1E92913A5B}
		{CDBE76E7-D9C4-400D-9261-39593663D3FC} = {21EBA09C-E110-48DC-9E09-FE1E92913A5B}
	EndGlobalSection
	GlobalSection(ExtensibilityGlobals) = postSolution
		SolutionGuid = {4F731243-4D24-4788-B6DA-79724C2C6196}
	EndGlobalSection
EndGlobal
